{
  "name": "defi",
  "version": "1.0.0",
  "lockfileVersion": 2,
  "requires": true,
  "packages": {
    "": {
      "version": "1.0.0",
      "license": "ISC",
      "dependencies": {
        "@openzeppelin/contracts": "file:3.2.1-solc-0."
      }
    },
    "3.2.1-solc-0.": {},
    "node_modules/@openzeppelin/contracts": {
      "resolved": "3.2.1-solc-0.",
      "link": true
    }
  },
  "dependencies": {
    "@openzeppelin/contracts": {
      "version": "file:3.2.1-solc-0."
    }
  }
}
